// !$*UTF8*$!
{
	archiveVersion = 1;
	classes = {
	};
	objectVersion = 46;
	objects = {

/* Begin PBXBuildFile section */
		96CCA0431B0E769400B0576A /* AppDelegate.swift in Sources */ = {isa = PBXBuildFile; fileRef = 96CCA0421B0E769400B0576A /* AppDelegate.swift */; };
		96CCA0461B0E769400B0576A /* clickstarter.xcdatamodeld in Sources */ = {isa = PBXBuildFile; fileRef = 96CCA0441B0E769400B0576A /* clickstarter.xcdatamodeld */; };
		96CCA0481B0E769400B0576A /* ViewController.swift in Sources */ = {isa = PBXBuildFile; fileRef = 96CCA0471B0E769400B0576A /* ViewController.swift */; };
		96CCA04B1B0E769400B0576A /* Main.storyboard in Resources */ = {isa = PBXBuildFile; fileRef = 96CCA0491B0E769400B0576A /* Main.storyboard */; };
		96CCA04D1B0E769400B0576A /* Images.xcassets in Resources */ = {isa = PBXBuildFile; fileRef = 96CCA04C1B0E769400B0576A /* Images.xcassets */; };
		96CCA0501B0E769400B0576A /* LaunchScreen.xib in Resources */ = {isa = PBXBuildFile; fileRef = 96CCA04E1B0E769400B0576A /* LaunchScreen.xib */; };
		96CCA05C1B0E769400B0576A /* clickstarterTests.swift in Sources */ = {isa = PBXBuildFile; fileRef = 96CCA05B1B0E769400B0576A /* clickstarterTests.swift */; };
/* End PBXBuildFile section */

/* Begin PBXContainerItemProxy section */
		96CCA0561B0E769400B0576A /* PBXContainerItemProxy */ = {
			isa = PBXContainerItemProxy;
			containerPortal = 96CCA0351B0E769400B0576A /* Project object */;
			proxyType = 1;
			remoteGlobalIDString = 96CCA03C1B0E769400B0576A;
			remoteInfo = clickstarter;
		};
/* End PBXContainerItemProxy section */

/* Begin PBXFileReference section */
		96CCA03D1B0E769400B0576A /* clickstarter.app */ = {isa = PBXFileReference; explicitFileType = wrapper.application; includeInIndex = 0; path = clickstarter.app; sourceTree = BUILT_PRODUCTS_DIR; };
		96CCA0411B0E769400B0576A /* Info.plist */ = {isa = PBXFileReference; lastKnownFileType = text.plist.xml; path = Info.plist; sourceTree = "<group>"; };
		96CCA0421B0E769400B0576A /* AppDelegate.swift */ = {isa = PBXFileReference; lastKnownFileType = sourcecode.swift; path = AppDelegate.swift; sourceTree = "<group>"; };
		96CCA0451B0E769400B0576A /* clickstarter.xcdatamodel */ = {isa = PBXFileReference; lastKnownFileType = wrapper.xcdatamodel; path = clickstarter.xcdatamodel; sourceTree = "<group>"; };
		96CCA0471B0E769400B0576A /* ViewController.swift */ = {isa = PBXFileReference; lastKnownFileType = sourcecode.swift; path = ViewController.swift; sourceTree = "<group>"; };
		96CCA04A1B0E769400B0576A /* Base */ = {isa = PBXFileReference; lastKnownFileType = file.storyboard; name = Base; path = Base.lproj/Main.storyboard; sourceTree = "<group>"; };
		96CCA04C1B0E769400B0576A /* Images.xcassets */ = {isa = PBXFileReference; lastKnownFileType = folder.assetcatalog; path = Images.xcassets; sourceTree = "<group>"; };
		96CCA04F1B0E769400B0576A /* Base */ = {isa = PBXFileReference; lastKnownFileType = file.xib; name = Base; path = Base.lproj/LaunchScreen.xib; sourceTree = "<group>"; };
		96CCA0551B0E769400B0576A /* clickstarterTests.xctest */ = {isa = PBXFileReference; explicitFileType = wrapper.cfbundle; includeInIndex = 0; path = clickstarterTests.xctest; sourceTree = BUILT_PRODUCTS_DIR; };
		96CCA05A1B0E769400B0576A /* Info.plist */ = {isa = PBXFileReference; lastKnownFileType = text.plist.xml; path = Info.plist; sourceTree = "<group>"; };
		96CCA05B1B0E769400B0576A /* clickstarterTests.swift */ = {isa = PBXFileReference; lastKnownFileType = sourcecode.swift; path = clickstarterTests.swift; sourceTree = "<group>"; };
/* End PBXFileReference section */

/* Begin PBXFrameworksBuildPhase section */
		96CCA03A1B0E769400B0576A /* Frameworks */ = {
			isa = PBXFrameworksBuildPhase;
			buildActionMask = 2147483647;
			files = (
			);
			runOnlyForDeploymentPostprocessing = 0;
		};
		96CCA0521B0E769400B0576A /* Frameworks */ = {
			isa = PBXFrameworksBuildPhase;
			buildActionMask = 2147483647;
			files = (
			);
			runOnlyForDeploymentPostprocessing = 0;
		};
/* End PBXFrameworksBuildPhase section */

/* Begin PBXGroup section */
		96CCA0341B0E769400B0576A = {
			isa = PBXGroup;
			children = (
				96CCA03F1B0E769400B0576A /* clickstarter */,
				96CCA0581B0E769400B0576A /* clickstarterTests */,
				96CCA03E1B0E769400B0576A /* Products */,
			);
			sourceTree = "<group>";
		};
		96CCA03E1B0E769400B0576A /* Products */ = {
			isa = PBXGroup;
			children = (
				96CCA03D1B0E769400B0576A /* clickstarter.app */,
				96CCA0551B0E769400B0576A /* clickstarterTests.xctest */,
			);
			name = Products;
			sourceTree = "<group>";
		};
		96CCA03F1B0E769400B0576A /* clickstarter */ = {
			isa = PBXGroup;
			children = (
				96CCA0421B0E769400B0576A /* AppDelegate.swift */,
				96CCA0471B0E769400B0576A /* ViewController.swift */,
				96CCA0491B0E769400B0576A /* Main.storyboard */,
				96CCA04C1B0E769400B0576A /* Images.xcassets */,
				96CCA04E1B0E769400B0576A /* LaunchScreen.xib */,
				96CCA0441B0E769400B0576A /* clickstarter.xcdatamodeld */,
				96CCA0401B0E769400B0576A /* Supporting Files */,
			);
			path = clickstarter;
			sourceTree = "<group>";
		};
		96CCA0401B0E769400B0576A /* Supporting Files */ = {
			isa = PBXGroup;
			children = (
				96CCA0411B0E769400B0576A /* Info.plist */,
			);
			name = "Supporting Files";
			sourceTree = "<group>";
		};
		96CCA0581B0E769400B0576A /* clickstarterTests */ = {
			isa = PBXGroup;
			children = (
				96CCA05B1B0E769400B0576A /* clickstarterTests.swift */,
				96CCA0591B0E769400B0576A /* Supporting Files */,
			);
			path = clickstarterTests;
			sourceTree = "<group>";
		};
		96CCA0591B0E769400B0576A /* Supporting Files */ = {
			isa = PBXGroup;
			children = (
				96CCA05A1B0E769400B0576A /* Info.plist */,
			);
			name = "Supporting Files";
			sourceTree = "<group>";
		};
/* End PBXGroup section */

/* Begin PBXNativeTarget section */
		96CCA03C1B0E769400B0576A /* clickstarter */ = {
			isa = PBXNativeTarget;
			buildConfigurationList = 96CCA05F1B0E769400B0576A /* Build configuration list for PBXNativeTarget "clickstarter" */;
			buildPhases = (
				96CCA0391B0E769400B0576A /* Sources */,
				96CCA03A1B0E769400B0576A /* Frameworks */,
				96CCA03B1B0E769400B0576A /* Resources */,
			);
			buildRules = (
			);
			dependencies = (
			);
			name = clickstarter;
			productName = clickstarter;
			productReference = 96CCA03D1B0E769400B0576A /* clickstarter.app */;
			productType = "com.apple.product-type.application";
		};
		96CCA0541B0E769400B0576A /* clickstarterTests */ = {
			isa = PBXNativeTarget;
			buildConfigurationList = 96CCA0621B0E769400B0576A /* Build configuration list for PBXNativeTarget "clickstarterTests" */;
			buildPhases = (
				96CCA0511B0E769400B0576A /* Sources */,
				96CCA0521B0E769400B0576A /* Frameworks */,
				96CCA0531B0E769400B0576A /* Resources */,
			);
			buildRules = (
			);
			dependencies = (
				96CCA0571B0E769400B0576A /* PBXTargetDependency */,
			);
			name = clickstarterTests;
			productName = clickstarterTests;
			productReference = 96CCA0551B0E769400B0576A /* clickstarterTests.xctest */;
			productType = "com.apple.product-type.bundle.unit-test";
		};
/* End PBXNativeTarget section */

/* Begin PBXProject section */
		96CCA0351B0E769400B0576A /* Project object */ = {
			isa = PBXProject;
			attributes = {
				LastUpgradeCheck = 0630;
				ORGANIZATIONNAME = "Thomas Gibbons";
				TargetAttributes = {
					96CCA03C1B0E769400B0576A = {
						CreatedOnToolsVersion = 6.3.1;
					};
					96CCA0541B0E769400B0576A = {
						CreatedOnToolsVersion = 6.3.1;
						TestTargetID = 96CCA03C1B0E769400B0576A;
					};
				};
			};
			buildConfigurationList = 96CCA0381B0E769400B0576A /* Build configuration list for PBXProject "clickstarter" */;
			compatibilityVersion = "Xcode 3.2";
			developmentRegion = English;
			hasScannedForEncodings = 0;
			knownRegions = (
				en,
				Base,
			);
			mainGroup = 96CCA0341B0E769400B0576A;
			productRefGroup = 96CCA03E1B0E769400B0576A /* Products */;
			projectDirPath = "";
			projectRoot = "";
			targets = (
				96CCA03C1B0E769400B0576A /* clickstarter */,
				96CCA0541B0E769400B0576A /* clickstarterTests */,
			);
		};
/* End PBXProject section */

/* Begin PBXResourcesBuildPhase section */
		96CCA03B1B0E769400B0576A /* Resources */ = {
			isa = PBXResourcesBuildPhase;
			buildActionMask = 2147483647;
			files = (
				96CCA04B1B0E769400B0576A /* Main.storyboard in Resources */,
				96CCA0501B0E769400B0576A /* LaunchScreen.xib in Resources */,
				96CCA04D1B0E769400B0576A /* Images.xcassets in Resources */,
			);
			runOnlyForDeploymentPostprocessing = 0;
		};
		96CCA0531B0E769400B0576A /* Resources */ = {
			isa = PBXResourcesBuildPhase;
			buildActionMask = 2147483647;
			files = (
			);
			runOnlyForDeploymentPostprocessing = 0;
		};
/* End PBXResourcesBuildPhase section */

/* Begin PBXSourcesBuildPhase section */
		96CCA0391B0E769400B0576A /* Sources */ = {
			isa = PBXSourcesBuildPhase;
			buildActionMask = 2147483647;
			files = (
				96CCA0481B0E769400B0576A /* ViewController.swift in Sources */,
				96CCA0461B0E769400B0576A /* clickstarter.xcdatamodeld in Sources */,
				96CCA0431B0E769400B0576A /* AppDelegate.swift in Sources */,
			);
			runOnlyForDeploymentPostprocessing = 0;
		};
		96CCA0511B0E769400B0576A /* Sources */ = {
			isa = PBXSourcesBuildPhase;
			buildActionMask = 2147483647;
			files = (
				96CCA05C1B0E769400B0576A /* clickstarterTests.swift in Sources */,
			);
			runOnlyForDeploymentPostprocessing = 0;
		};
/* End PBXSourcesBuildPhase section */

/* Begin PBXTargetDependency section */
		96CCA0571B0E769400B0576A /* PBXTargetDependency */ = {
			isa = PBXTargetDependency;
			target = 96CCA03C1B0E769400B0576A /* clickstarter */;
			targetProxy = 96CCA0561B0E769400B0576A /* PBXContainerItemProxy */;
		};
/* End PBXTargetDependency section */

/* Begin PBXVariantGroup section */
		96CCA0491B0E769400B0576A /* Main.storyboard */ = {
			isa = PBXVariantGroup;
			children = (
				96CCA04A1B0E769400B0576A /* Base */,
			);
			name = Main.storyboard;
			sourceTree = "<group>";
		};
		96CCA04E1B0E769400B0576A /* LaunchScreen.xib */ = {
			isa = PBXVariantGroup;
			children = (
				96CCA04F1B0E769400B0576A /* Base */,
			);
			name = LaunchScreen.xib;
			sourceTree = "<group>";
		};
/* End PBXVariantGroup section */

/* Begin XCBuildConfiguration section */
		96CCA05D1B0E769400B0576A /* Debug */ = {
			isa = XCBuildConfiguration;
			buildSettings = {
				ALWAYS_SEARCH_USER_PATHS = NO;
				CLANG_CXX_LANGUAGE_STANDARD = "gnu++0x";
				CLANG_CXX_LIBRARY = "libc++";
				CLANG_ENABLE_MODULES = YES;
				CLANG_ENABLE_OBJC_ARC = YES;
				CLANG_WARN_BOOL_CONVERSION = YES;
				CLANG_WARN_CONSTANT_CONVERSION = YES;
				CLANG_WARN_DIRECT_OBJC_ISA_USAGE = YES_ERROR;
				CLANG_WARN_EMPTY_BODY = YES;
				CLANG_WARN_ENUM_CONVERSION = YES;
				CLANG_WARN_INT_CONVERSION = YES;
				CLANG_WARN_OBJC_ROOT_CLASS = YES_ERROR;
				CLANG_WARN_UNREACHABLE_CODE = YES;
				CLANG_WARN__DUPLICATE_METHOD_MATCH = YES;
				"CODE_SIGN_IDENTITY[sdk=iphoneos*]" = "iPhone Developer";
				COPY_PHASE_STRIP = NO;
				DEBUG_INFORMATION_FORMAT = "dwarf-with-dsym";
				ENABLE_STRICT_OBJC_MSGSEND = YES;
				GCC_C_LANGUAGE_STANDARD = gnu99;
				GCC_DYNAMIC_NO_PIC = NO;
				GCC_NO_COMMON_BLOCKS = YES;
				GCC_OPTIMIZATION_LEVEL = 0;
				GCC_PREPROCESSOR_DEFINITIONS = (
					"DEBUG=1",
					"$(inherited)",
				);
				GCC_SYMBOLS_PRIVATE_EXTERN = NO;
				GCC_WARN_64_TO_32_BIT_CONVERSION = YES;
				GCC_WARN_ABOUT_RETURN_TYPE = YES_ERROR;
				GCC_WARN_UNDECLARED_SELECTOR = YES;
				GCC_WARN_UNINITIALIZED_AUTOS = YES_AGGRESSIVE;
				GCC_WARN_UNUSED_FUNCTION = YES;
				GCC_WARN_UNUSED_VARIABLE = YES;
				IPHONEOS_DEPLOYMENT_TARGET = 8.3;
				MTL_ENABLE_DEBUG_INFO = YES;
				ONLY_ACTIVE_ARCH = YES;
				SDKROOT = iphoneos;
				SWIFT_OPTIMIZATION_LEVEL = "-Onone";
				TARGETED_DEVICE_FAMILY = "1,2";
			};
			name = Debug;
		};
		96CCA05E1B0E769400B0576A /* Release */ = {
			isa = XCBuildConfiguration;
			buildSettings = {
				ALWAYS_SEARCH_USER_PATHS = NO;
				CLANG_CXX_LANGUAGE_STANDARD = "gnu++0x";
				CLANG_CXX_LIBRARY = "libc++";
				CLANG_ENABLE_MODULES = YES;
				CLANG_ENABLE_OBJC_ARC = YES;
				CLANG_WARN_BOOL_CONVERSION = YES;
				CLANG_WARN_CONSTANT_CONVERSION = YES;
				CLANG_WARN_DIRECT_OBJC_ISA_USAGE = YES_ERROR;
				CLANG_WARN_EMPTY_BODY = YES;
				CLANG_WARN_ENUM_CONVERSION = YES;
				CLANG_WARN_INT_CONVERSION = YES;
				CLANG_WARN_OBJC_ROOT_CLASS = YES_ERROR;
				CLANG_WARN_UNREACHABLE_CODE = YES;
				CLANG_WARN__DUPLICATE_METHOD_MATCH = YES;
				"CODE_SIGN_IDENTITY[sdk=iphoneos*]" = "iPhone Developer";
				COPY_PHASE_STRIP = NO;
				DEBUG_INFORMATION_FORMAT = "dwarf-with-dsym";
				ENABLE_NS_ASSERTIONS = NO;
				ENABLE_STRICT_OBJC_MSGSEND = YES;
				GCC_C_LANGUAGE_STANDARD = gnu99;
				GCC_NO_COMMON_BLOCKS = YES;
				GCC_WARN_64_TO_32_BIT_CONVERSION = YES;
				GCC_WARN_ABOUT_RETURN_TYPE = YES_ERROR;
				GCC_WARN_UNDECLARED_SELECTOR = YES;
				GCC_WARN_UNINITIALIZED_AUTOS = YES_AGGRESSIVE;
				GCC_WARN_UNUSED_FUNCTION = YES;
				GCC_WARN_UNUSED_VARIABLE = YES;
				IPHONEOS_DEPLOYMENT_TARGET = 8.3;
				MTL_ENABLE_DEBUG_INFO = NO;
				SDKROOT = iphoneos;
				TARGETED_DEVICE_FAMILY = "1,2";
				VALIDATE_PRODUCT = YES;
			};
			name = Release;
		};
		96CCA0601B0E769400B0576A /* Debug */ = {
			isa = XCBuildConfiguration;
			buildSettings = {
				ASSETCATALOG_COMPILER_APPICON_NAME = AppIcon;
				INFOPLIST_FILE = clickstarter/Info.plist;
				LD_RUNPATH_SEARCH_PATHS = "$(inherited) @executable_path/Frameworks";
				PRODUCT_NAME = "$(TARGET_NAME)";
			};
			name = Debug;
		};
		96CCA0611B0E769400B0576A /* Release */ = {
			isa = XCBuildConfiguration;
			buildSettings = {
				ASSETCATALOG_COMPILER_APPICON_NAME = AppIcon;
				INFOPLIST_FILE = clickstarter/Info.plist;
				LD_RUNPATH_SEARCH_PATHS = "$(inherited) @executable_path/Frameworks";
				PRODUCT_NAME = "$(TARGET_NAME)";
			};
			name = Release;
		};
		96CCA0631B0E769400B0576A /* Debug */ = {
			isa = XCBuildConfiguration;
			buildSettings = {
				BUNDLE_LOADER = "$(TEST_HOST)";
				FRAMEWORK_SEARCH_PATHS = (
					"$(SDKROOT)/Developer/Library/Frameworks",
					"$(inherited)",
				);
				GCC_PREPROCESSOR_DEFINITIONS = (
					"DEBUG=1",
					"$(inherited)",
				);
				INFOPLIST_FILE = clickstarterTests/Info.plist;
				LD_RUNPATH_SEARCH_PATHS = "$(inherited) @executable_path/Frameworks @loader_path/Frameworks";
				PRODUCT_NAME = "$(TARGET_NAME)";
				TEST_HOST = "$(BUILT_PRODUCTS_DIR)/clickstarter.app/clickstarter";
			};
			name = Debug;
		};
		96CCA0641B0E769400B0576A /* Release */ = {
			isa = XCBuildConfiguration;
			buildSettings = {
				BUNDLE_LOADER = "$(TEST_HOST)";
				FRAMEWORK_SEARCH_PATHS = (
					"$(SDKROOT)/Developer/Library/Frameworks",
					"$(inherited)",
				);
				INFOPLIST_FILE = clickstarterTests/Info.plist;
				LD_RUNPATH_SEARCH_PATHS = "$(inherited) @executable_path/Frameworks @loader_path/Frameworks";
				PRODUCT_NAME = "$(TARGET_NAME)";
				TEST_HOST = "$(BUILT_PRODUCTS_DIR)/clickstarter.app/clickstarter";
			};
			name = Release;
		};
/* End XCBuildConfiguration section */

/* Begin XCConfigurationList section */
		96CCA0381B0E769400B0576A /* Build configuration list for PBXProject "clickstarter" */ = {
			isa = XCConfigurationList;
			buildConfigurations = (
				96CCA05D1B0E769400B0576A /* Debug */,
				96CCA05E1B0E769400B0576A /* Release */,
			);
			defaultConfigurationIsVisible = 0;
			defaultConfigurationName = Release;
		};
		96CCA05F1B0E769400B0576A /* Build configuration list for PBXNativeTarget "clickstarter" */ = {
			isa = XCConfigurationList;
			buildConfigurations = (
				96CCA0601B0E769400B0576A /* Debug */,
				96CCA0611B0E769400B0576A /* Release */,
			);
			defaultConfigurationIsVisible = 0;
		};
		96CCA0621B0E769400B0576A /* Build configuration list for PBXNativeTarget "clickstarterTests" */ = {
			isa = XCConfigurationList;
			buildConfigurations = (
				96CCA0631B0E769400B0576A /* Debug */,
				96CCA0641B0E769400B0576A /* Release */,
			);
			defaultConfigurationIsVisible = 0;
		};
/* End XCConfigurationList section */

/* Begin XCVersionGroup section */
		96CCA0441B0E769400B0576A /* clickstarter.xcdatamodeld */ = {
			isa = XCVersionGroup;
			children = (
				96CCA0451B0E769400B0576A /* clickstarter.xcdatamodel */,
			);
			currentVersion = 96CCA0451B0E769400B0576A /* clickstarter.xcdatamodel */;
			path = clickstarter.xcdatamodeld;
			sourceTree = "<group>";
			versionGroupType = wrapper.xcdatamodel;
		};
/* End XCVersionGroup section */
	};
	rootObject = 96CCA0351B0E769400B0576A /* Project object */;
}
